
Microsoft Visual Studio Solution File, Format Version 12.00
# Visual Studio Version 17
VisualStudioVersion = 17.6.33513.286
MinimumVisualStudioVersion = 10.0.40219.1
Project("{FAE04EC0-301F-11D3-BF4B-00C04F79EFBC}") = "TestApiTask", "TestApiTask\TestApiTask.csproj", "{7A964A77-A215-4020-BFB2-02A4122BF7A8}"
EndProject
Global
	GlobalSection(SolutionConfigurationPlatforms) = preSolution
		Debug|Any CPU = Debug|Any CPU
		Release|Any CPU = Release|Any CPU
	EndGlobalSection
	GlobalSection(ProjectConfigurationPlatforms) = postSolution
		{7A964A77-A215-4020-BFB2-02A4122BF7A8}.Debug|Any CPU.ActiveCfg = Debug|Any CPU
		{7A964A77-A215-4020-BFB2-02A4122BF7A8}.Debug|Any CPU.Build.0 = Debug|Any CPU
		{7A964A77-A215-4020-BFB2-02A4122BF7A8}.Release|Any CPU.ActiveCfg = Release|Any CPU
		{7A964A77-A215-4020-BFB2-02A4122BF7A8}.Release|Any CPU.Build.0 = Release|Any CPU
	EndGlobalSection
	GlobalSection(SolutionProperties) = preSolution
		HideSolutionNode = FALSE
	EndGlobalSection
	GlobalSection(ExtensibilityGlobals) = postSolution
		SolutionGuid = {A9F10D92-500C-466A-BF2B-DAFEF03EAFD4}
	EndGlobalSection
EndGlobal
